
Microsoft Visual Studio Solution File, Format Version 12.00
# Visual Studio Version 17
VisualStudioVersion = 17.0.31903.59
MinimumVisualStudioVersion = 10.0.40219.1
Project("{2150E333-8FDC-42A3-9474-1A3956D46DE8}") = "src", "src", "{827E0CD3-B72D-47B6-A68D-7590B98EB39B}"
EndProject
Project("{FAE04EC0-301F-11D3-BF4B-00C04F79EFBC}") = "Hotel.Billing", "src\Hotel.Billing\Hotel.Billing.csproj", "{CA43097D-2957-4768-82CC-13BD83528460}"
EndProject
Project("{FAE04EC0-301F-11D3-BF4B-00C04F79EFBC}") = "Hotel.Booking", "src\Hotel.Booking\Hotel.Booking.csproj", "{524E6AFA-581D-4A34-BA02-0EE0064A798E}"
EndProject
Project("{FAE04EC0-301F-11D3-BF4B-00C04F79EFBC}") = "Hotel.Housekeeping", "src\Hotel.Housekeeping\Hotel.Housekeeping.csproj", "{E463C48E-4D46-479F-96A4-42F666D01BFF}"
EndProject
Project("{FAE04EC0-301F-11D3-BF4B-00C04F79EFBC}") = "Hotel.Infrastructure", "src\Hotel.Infrastructure\Hotel.Infrastructure.csproj", "{779F503B-6A35-4835-8364-1CA3015D327C}"
EndProject
Project("{FAE04EC0-301F-11D3-BF4B-00C04F79EFBC}") = "Hotel.Runner", "src\Hotel.Runner\Hotel.Runner.csproj", "{E44BB672-FBBF-41EF-8DE6-284FC9B9CC62}"
EndProject
Global
	GlobalSection(SolutionConfigurationPlatforms) = preSolution
		Debug|Any CPU = Debug|Any CPU
		Debug|x64 = Debug|x64
		Debug|x86 = Debug|x86
		Release|Any CPU = Release|Any CPU
		Release|x64 = Release|x64
		Release|x86 = Release|x86
	EndGlobalSection
	GlobalSection(ProjectConfigurationPlatforms) = postSolution
		{CA43097D-2957-4768-82CC-13BD83528460}.Debug|Any CPU.ActiveCfg = Debug|Any CPU
		{CA43097D-2957-4768-82CC-13BD83528460}.Debug|Any CPU.Build.0 = Debug|Any CPU
		{CA43097D-2957-4768-82CC-13BD83528460}.Debug|x64.ActiveCfg = Debug|Any CPU
		{CA43097D-2957-4768-82CC-13BD83528460}.Debug|x64.Build.0 = Debug|Any CPU
		{CA43097D-2957-4768-82CC-13BD83528460}.Debug|x86.ActiveCfg = Debug|Any CPU
		{CA43097D-2957-4768-82CC-13BD83528460}.Debug|x86.Build.0 = Debug|Any CPU
		{CA43097D-2957-4768-82CC-13BD83528460}.Release|Any CPU.ActiveCfg = Release|Any CPU
		{CA43097D-2957-4768-82CC-13BD83528460}.Release|Any CPU.Build.0 = Release|Any CPU
		{CA43097D-2957-4768-82CC-13BD83528460}.Release|x64.ActiveCfg = Release|Any CPU
		{CA43097D-2957-4768-82CC-13BD83528460}.Release|x64.Build.0 = Release|Any CPU
		{CA43097D-2957-4768-82CC-13BD83528460}.Release|x86.ActiveCfg = Release|Any CPU
		{CA43097D-2957-4768-82CC-13BD83528460}.Release|x86.Build.0 = Release|Any CPU
		{524E6AFA-581D-4A34-BA02-0EE0064A798E}.Debug|Any CPU.ActiveCfg = Debug|Any CPU
		{524E6AFA-581D-4A34-BA02-0EE0064A798E}.Debug|Any CPU.Build.0 = Debug|Any CPU
		{524E6AFA-581D-4A34-BA02-0EE0064A798E}.Debug|x64.ActiveCfg = Debug|Any CPU
		{524E6AFA-581D-4A34-BA02-0EE0064A798E}.Debug|x64.Build.0 = Debug|Any CPU
		{524E6AFA-581D-4A34-BA02-0EE0064A798E}.Debug|x86.ActiveCfg = Debug|Any CPU
		{524E6AFA-581D-4A34-BA02-0EE0064A798E}.Debug|x86.Build.0 = Debug|Any CPU
		{524E6AFA-581D-4A34-BA02-0EE0064A798E}.Release|Any CPU.ActiveCfg = Release|Any CPU
		{524E6AFA-581D-4A34-BA02-0EE0064A798E}.Release|Any CPU.Build.0 = Release|Any CPU
		{524E6AFA-581D-4A34-BA02-0EE0064A798E}.Release|x64.ActiveCfg = Release|Any CPU
		{524E6AFA-581D-4A34-BA02-0EE0064A798E}.Release|x64.Build.0 = Release|Any CPU
		{524E6AFA-581D-4A34-BA02-0EE0064A798E}.Release|x86.ActiveCfg = Release|Any CPU
		{524E6AFA-581D-4A34-BA02-0EE0064A798E}.Release|x86.Build.0 = Release|Any CPU
		{E463C48E-4D46-479F-96A4-42F666D01BFF}.Debug|Any CPU.ActiveCfg = Debug|Any CPU
		{E463C48E-4D46-479F-96A4-42F666D01BFF}.Debug|Any CPU.Build.0 = Debug|Any CPU
		{E463C48E-4D46-479F-96A4-42F666D01BFF}.Debug|x64.ActiveCfg = Debug|Any CPU
		{E463C48E-4D46-479F-96A4-42F666D01BFF}.Debug|x64.Build.0 = Debug|Any CPU
		{E463C48E-4D46-479F-96A4-42F666D01BFF}.Debug|x86.ActiveCfg = Debug|Any CPU
		{E463C48E-4D46-479F-96A4-42F666D01BFF}.Debug|x86.Build.0 = Debug|Any CPU
		{E463C48E-4D46-479F-96A4-42F666D01BFF}.Release|Any CPU.ActiveCfg = Release|Any CPU
		{E463C48E-4D46-479F-96A4-42F666D01BFF}.Release|Any CPU.Build.0 = Release|Any CPU
		{E463C48E-4D46-479F-96A4-42F666D01BFF}.Release|x64.ActiveCfg = Release|Any CPU
		{E463C48E-4D46-479F-96A4-42F666D01BFF}.Release|x64.Build.0 = Release|Any CPU
		{E463C48E-4D46-479F-96A4-42F666D01BFF}.Release|x86.ActiveCfg = Release|Any CPU
		{E463C48E-4D46-479F-96A4-42F666D01BFF}.Release|x86.Build.0 = Release|Any CPU
		{779F503B-6A35-4835-8364-1CA3015D327C}.Debug|Any CPU.ActiveCfg = Debug|Any CPU
		{779F503B-6A35-4835-8364-1CA3015D327C}.Debug|Any CPU.Build.0 = Debug|Any CPU
		{779F503B-6A35-4835-8364-1CA3015D327C}.Debug|x64.ActiveCfg = Debug|Any CPU
		{779F503B-6A35-4835-8364-1CA3015D327C}.Debug|x64.Build.0 = Debug|Any CPU
		{779F503B-6A35-4835-8364-1CA3015D327C}.Debug|x86.ActiveCfg = Debug|Any CPU
		{779F503B-6A35-4835-8364-1CA3015D327C}.Debug|x86.Build.0 = Debug|Any CPU
		{779F503B-6A35-4835-8364-1CA3015D327C}.Release|Any CPU.ActiveCfg = Release|Any CPU
		{779F503B-6A35-4835-8364-1CA3015D327C}.Release|Any CPU.Build.0 = Release|Any CPU
		{779F503B-6A35-4835-8364-1CA3015D327C}.Release|x64.ActiveCfg = Release|Any CPU
		{779F503B-6A35-4835-8364-1CA3015D327C}.Release|x64.Build.0 = Release|Any CPU
		{779F503B-6A35-4835-8364-1CA3015D327C}.Release|x86.ActiveCfg = Release|Any CPU
		{779F503B-6A35-4835-8364-1CA3015D327C}.Release|x86.Build.0 = Release|Any CPU
		{E44BB672-FBBF-41EF-8DE6-284FC9B9CC62}.Debug|Any CPU.ActiveCfg = Debug|Any CPU
		{E44BB672-FBBF-41EF-8DE6-284FC9B9CC62}.Debug|Any CPU.Build.0 = Debug|Any CPU
		{E44BB672-FBBF-41EF-8DE6-284FC9B9CC62}.Debug|x64.ActiveCfg = Debug|Any CPU
		{E44BB672-FBBF-41EF-8DE6-284FC9B9CC62}.Debug|x64.Build.0 = Debug|Any CPU
		{E44BB672-FBBF-41EF-8DE6-284FC9B9CC62}.Debug|x86.ActiveCfg = Debug|Any CPU
		{E44BB672-FBBF-41EF-8DE6-284FC9B9CC62}.Debug|x86.Build.0 = Debug|Any CPU
		{E44BB672-FBBF-41EF-8DE6-284FC9B9CC62}.Release|Any CPU.ActiveCfg = Release|Any CPU
		{E44BB672-FBBF-41EF-8DE6-284FC9B9CC62}.Release|Any CPU.Build.0 = Release|Any CPU
		{E44BB672-FBBF-41EF-8DE6-284FC9B9CC62}.Release|x64.ActiveCfg = Release|Any CPU
		{E44BB672-FBBF-41EF-8DE6-284FC9B9CC62}.Release|x64.Build.0 = Release|Any CPU
		{E44BB672-FBBF-41EF-8DE6-284FC9B9CC62}.Release|x86.ActiveCfg = Release|Any CPU
		{E44BB672-FBBF-41EF-8DE6-284FC9B9CC62}.Release|x86.Build.0 = Release|Any CPU
	EndGlobalSection
	GlobalSection(SolutionProperties) = preSolution
		HideSolutionNode = FALSE
	EndGlobalSection
	GlobalSection(NestedProjects) = preSolution
		{CA43097D-2957-4768-82CC-13BD83528460} = {827E0CD3-B72D-47B6-A68D-7590B98EB39B}
		{524E6AFA-581D-4A34-BA02-0EE0064A798E} = {827E0CD3-B72D-47B6-A68D-7590B98EB39B}
		{E463C48E-4D46-479F-96A4-42F666D01BFF} = {827E0CD3-B72D-47B6-A68D-7590B98EB39B}
		{779F503B-6A35-4835-8364-1CA3015D327C} = {827E0CD3-B72D-47B6-A68D-7590B98EB39B}
		{E44BB672-FBBF-41EF-8DE6-284FC9B9CC62} = {827E0CD3-B72D-47B6-A68D-7590B98EB39B}
	EndGlobalSection
EndGlobal
